
Microsoft Visual Studio Solution File, Format Version 12.00
# Visual Studio Version 16
VisualStudioVersion = 16.0.31321.278
MinimumVisualStudioVersion = 10.0.40219.1
Project("{F184B08F-C81C-45F6-A57F-5ABD9991F28F}") = "stadiumSeating", "stadiumSeating\stadiumSeating.vbproj", "{A00CD4DE-8B8E-4984-BA65-A41CE5084755}"
EndProject
Global
	GlobalSection(SolutionConfigurationPlatforms) = preSolution
		Debug|Any CPU = Debug|Any CPU
		Release|Any CPU = Release|Any CPU
	EndGlobalSection
	GlobalSection(ProjectConfigurationPlatforms) = postSolution
		{A00CD4DE-8B8E-4984-BA65-A41CE5084755}.Debug|Any CPU.ActiveCfg = Debug|Any CPU
		{A00CD4DE-8B8E-4984-BA65-A41CE5084755}.Debug|Any CPU.Build.0 = Debug|Any CPU
		{A00CD4DE-8B8E-4984-BA65-A41CE5084755}.Release|Any CPU.ActiveCfg = Release|Any CPU
		{A00CD4DE-8B8E-4984-BA65-A41CE5084755}.Release|Any CPU.Build.0 = Release|Any CPU
	EndGlobalSection
	GlobalSection(SolutionProperties) = preSolution
		HideSolutionNode = FALSE
	EndGlobalSection
	GlobalSection(ExtensibilityGlobals) = postSolution
		SolutionGuid = {8C274BC7-87AD-4AA6-AB12-84B4D3711781}
	EndGlobalSection
EndGlobal
