
Microsoft Visual Studio Solution File, Format Version 12.00
# Visual Studio Version 16
VisualStudioVersion = 16.0.31321.278
MinimumVisualStudioVersion = 10.0.40219.1
Project("{F184B08F-C81C-45F6-A57F-5ABD9991F28F}") = "WinFormsApp1", "WinFormsApp1\WinFormsApp1.vbproj", "{FC5079C6-4BD7-4CCB-AB6C-9057AF8CF714}"
EndProject
Global
	GlobalSection(SolutionConfigurationPlatforms) = preSolution
		Debug|Any CPU = Debug|Any CPU
		Release|Any CPU = Release|Any CPU
	EndGlobalSection
	GlobalSection(ProjectConfigurationPlatforms) = postSolution
		{FC5079C6-4BD7-4CCB-AB6C-9057AF8CF714}.Debug|Any CPU.ActiveCfg = Debug|Any CPU
		{FC5079C6-4BD7-4CCB-AB6C-9057AF8CF714}.Debug|Any CPU.Build.0 = Debug|Any CPU
		{FC5079C6-4BD7-4CCB-AB6C-9057AF8CF714}.Release|Any CPU.ActiveCfg = Release|Any CPU
		{FC5079C6-4BD7-4CCB-AB6C-9057AF8CF714}.Release|Any CPU.Build.0 = Release|Any CPU
	EndGlobalSection
	GlobalSection(SolutionProperties) = preSolution
		HideSolutionNode = FALSE
	EndGlobalSection
	GlobalSection(ExtensibilityGlobals) = postSolution
		SolutionGuid = {022F075B-71E1-48F9-B921-3B30C154544A}
	EndGlobalSection
EndGlobal
